
Microsoft Visual Studio Solution File, Format Version 12.00
# Visual Studio Version 17
VisualStudioVersion = 17.8.34511.84
MinimumVisualStudioVersion = 10.0.40219.1
Project("{FAE04EC0-301F-11D3-BF4B-00C04F79EFBC}") = "MyAssistant", "MyAssistant\MyAssistant.csproj", "{179C0D74-3D53-4336-9E57-3AFC8A906FC0}"
EndProject
Project("{FAE04EC0-301F-11D3-BF4B-00C04F79EFBC}") = "MAlib", "MAlib\MAlib.csproj", "{6FFA9F50-FD1B-43AA-A2CF-17C5ED55DA5B}"
EndProject
Project("{FAE04EC0-301F-11D3-BF4B-00C04F79EFBC}") = "MAServer", "MAServer\MAServer.csproj", "{24FD2F80-9B95-4443-A94A-2B2496D172D7}"
EndProject
Global
	GlobalSection(SolutionConfigurationPlatforms) = preSolution
		Debug|Any CPU = Debug|Any CPU
		Release|Any CPU = Release|Any CPU
	EndGlobalSection
	GlobalSection(ProjectConfigurationPlatforms) = postSolution
		{179C0D74-3D53-4336-9E57-3AFC8A906FC0}.Debug|Any CPU.ActiveCfg = Debug|Any CPU
		{179C0D74-3D53-4336-9E57-3AFC8A906FC0}.Debug|Any CPU.Build.0 = Debug|Any CPU
		{179C0D74-3D53-4336-9E57-3AFC8A906FC0}.Release|Any CPU.ActiveCfg = Release|Any CPU
		{179C0D74-3D53-4336-9E57-3AFC8A906FC0}.Release|Any CPU.Build.0 = Release|Any CPU
		{6FFA9F50-FD1B-43AA-A2CF-17C5ED55DA5B}.Debug|Any CPU.ActiveCfg = Debug|Any CPU
		{6FFA9F50-FD1B-43AA-A2CF-17C5ED55DA5B}.Debug|Any CPU.Build.0 = Debug|Any CPU
		{6FFA9F50-FD1B-43AA-A2CF-17C5ED55DA5B}.Release|Any CPU.ActiveCfg = Release|Any CPU
		{6FFA9F50-FD1B-43AA-A2CF-17C5ED55DA5B}.Release|Any CPU.Build.0 = Release|Any CPU
		{24FD2F80-9B95-4443-A94A-2B2496D172D7}.Debug|Any CPU.ActiveCfg = Debug|Any CPU
		{24FD2F80-9B95-4443-A94A-2B2496D172D7}.Debug|Any CPU.Build.0 = Debug|Any CPU
		{24FD2F80-9B95-4443-A94A-2B2496D172D7}.Release|Any CPU.ActiveCfg = Release|Any CPU
		{24FD2F80-9B95-4443-A94A-2B2496D172D7}.Release|Any CPU.Build.0 = Release|Any CPU
	EndGlobalSection
	GlobalSection(SolutionProperties) = preSolution
		HideSolutionNode = FALSE
	EndGlobalSection
	GlobalSection(ExtensibilityGlobals) = postSolution
		SolutionGuid = {4B7C1F55-8E6B-42DF-A361-014C101AA27F}
	EndGlobalSection
EndGlobal
